// !$*UTF8*$!
{
	archiveVersion = 1;
	classes = {
	};
	objectVersion = 50;
	objects = {

/* Begin PBXBuildFile section */
		FB65B6D424B3672F00891E92 /* Migration.swift in Sources */ = {isa = PBXBuildFile; fileRef = FB65B6D324B3672F00891E92 /* Migration.swift */; };
		FB65B6D624B36A1E00891E92 /* PullRequestSource.swift in Sources */ = {isa = PBXBuildFile; fileRef = FB65B6D524B36A1E00891E92 /* PullRequestSource.swift */; };
		FB65B6D824B36A3D00891E92 /* PullRequestCommit.swift in Sources */ = {isa = PBXBuildFile; fileRef = FB65B6D724B36A3D00891E92 /* PullRequestCommit.swift */; };
		FB65B6DA24B36A9900891E92 /* CreatePullRequestLog.swift in Sources */ = {isa = PBXBuildFile; fileRef = FB65B6D924B36A9900891E92 /* CreatePullRequestLog.swift */; };
		FB65B6DC24B36D3E00891E92 /* NotifyNewCommit.swift in Sources */ = {isa = PBXBuildFile; fileRef = FB65B6DB24B36D3E00891E92 /* NotifyNewCommit.swift */; };
		FB65B6DE24B37B1A00891E92 /* AboutViewController.swift in Sources */ = {isa = PBXBuildFile; fileRef = FB65B6DD24B37B1A00891E92 /* AboutViewController.swift */; };
		FB77488824A25A4800A0CCE0 /* RepositoryTabItemView.swift in Sources */ = {isa = PBXBuildFile; fileRef = FB77488724A25A4800A0CCE0 /* RepositoryTabItemView.swift */; };
		FB77488A24A25A5E00A0CCE0 /* RepositoryTabItemView.xib in Resources */ = {isa = PBXBuildFile; fileRef = FB77488924A25A5E00A0CCE0 /* RepositoryTabItemView.xib */; };
		FB77488C24A25DA800A0CCE0 /* RepositoryTabItemViewPresenter.swift in Sources */ = {isa = PBXBuildFile; fileRef = FB77488B24A25DA800A0CCE0 /* RepositoryTabItemViewPresenter.swift */; };
		FB77488F24A25E0900A0CCE0 /* UnreadCommentPresenter.swift in Sources */ = {isa = PBXBuildFile; fileRef = FB77488E24A25E0900A0CCE0 /* UnreadCommentPresenter.swift */; };
		FB77489224A4E26200A0CCE0 /* UpdatePullRequestLog.swift in Sources */ = {isa = PBXBuildFile; fileRef = FB77489124A4E26200A0CCE0 /* UpdatePullRequestLog.swift */; };
		FB77489424A4E4EF00A0CCE0 /* CalcUnreadCommentCount.swift in Sources */ = {isa = PBXBuildFile; fileRef = FB77489324A4E4EF00A0CCE0 /* CalcUnreadCommentCount.swift */; };
		FB77489624A4E6F300A0CCE0 /* NotifiyNewUnreadComment.swift in Sources */ = {isa = PBXBuildFile; fileRef = FB77489524A4E6F300A0CCE0 /* NotifiyNewUnreadComment.swift */; };
		FB77489A24AA25D000A0CCE0 /* PullRequestPresenter.swift in Sources */ = {isa = PBXBuildFile; fileRef = FB77489924AA25D000A0CCE0 /* PullRequestPresenter.swift */; };
		FB77489C24AA263600A0CCE0 /* PullRequestSectionPresenter.swift in Sources */ = {isa = PBXBuildFile; fileRef = FB77489B24AA263600A0CCE0 /* PullRequestSectionPresenter.swift */; };
		FB77489E24AA2F1300A0CCE0 /* PullRequestCollectionViewSection.swift in Sources */ = {isa = PBXBuildFile; fileRef = FB77489D24AA2F1300A0CCE0 /* PullRequestCollectionViewSection.swift */; };
		FB7748A024AA2F2000A0CCE0 /* PullRequestCollectionViewSection.xib in Resources */ = {isa = PBXBuildFile; fileRef = FB77489F24AA2F2000A0CCE0 /* PullRequestCollectionViewSection.xib */; };
		FB83855C248696F600E88304 /* FetchPullRequests.swift in Sources */ = {isa = PBXBuildFile; fileRef = FB83855B248696F600E88304 /* FetchPullRequests.swift */; };
		FB8385602486A6C700E88304 /* Alamofire.framework in Frameworks */ = {isa = PBXBuildFile; fileRef = FB83855F2486A6C700E88304 /* Alamofire.framework */; };
		FB8385612486A6C700E88304 /* Alamofire.framework in Embed Frameworks */ = {isa = PBXBuildFile; fileRef = FB83855F2486A6C700E88304 /* Alamofire.framework */; settings = {ATTRIBUTES = (CodeSignOnCopy, RemoveHeadersOnCopy, ); }; };
		FB8385652487D7F200E88304 /* RequestHeader.swift in Sources */ = {isa = PBXBuildFile; fileRef = FB8385642487D7F200E88304 /* RequestHeader.swift */; };
		FB8385672487DAC600E88304 /* BaseUrl.swift in Sources */ = {isa = PBXBuildFile; fileRef = FB8385662487DAC600E88304 /* BaseUrl.swift */; };
		FB83856A24894A6900E88304 /* CallFetchPullRequests.swift in Sources */ = {isa = PBXBuildFile; fileRef = FB83856924894A6900E88304 /* CallFetchPullRequests.swift */; };
		FB83856C24894FD300E88304 /* ApiError.swift in Sources */ = {isa = PBXBuildFile; fileRef = FB83856B24894FD300E88304 /* ApiError.swift */; };
		FB83856E248953B200E88304 /* DecodeJson.swift in Sources */ = {isa = PBXBuildFile; fileRef = FB83856D248953B200E88304 /* DecodeJson.swift */; };
		FB838572248A921A00E88304 /* FetchPullRequestResponse.swift in Sources */ = {isa = PBXBuildFile; fileRef = FB838571248A921A00E88304 /* FetchPullRequestResponse.swift */; };
		FB838575248A936600E88304 /* PullRequestVallue.swift in Sources */ = {isa = PBXBuildFile; fileRef = FB838574248A936600E88304 /* PullRequestVallue.swift */; };
		FB838578248AA2F600E88304 /* ShowPullRequest.swift in Sources */ = {isa = PBXBuildFile; fileRef = FB838577248AA2F600E88304 /* ShowPullRequest.swift */; };
		FB83857A248AA36400E88304 /* CallShowPullRequest.swift in Sources */ = {isa = PBXBuildFile; fileRef = FB838579248AA36400E88304 /* CallShowPullRequest.swift */; };
		FB83857C248AA4E600E88304 /* ShowPullRequestResponse.swift in Sources */ = {isa = PBXBuildFile; fileRef = FB83857B248AA4E600E88304 /* ShowPullRequestResponse.swift */; };
		FB83857E248AA82400E88304 /* PullRequestParticipant.swift in Sources */ = {isa = PBXBuildFile; fileRef = FB83857D248AA82400E88304 /* PullRequestParticipant.swift */; };
		FB838580248D1D5100E88304 /* PullRequestParticipantUser.swift in Sources */ = {isa = PBXBuildFile; fileRef = FB83857F248D1D5100E88304 /* PullRequestParticipantUser.swift */; };
		FB838582248D1DB600E88304 /* PullRequestParticipantUserLinks.swift in Sources */ = {isa = PBXBuildFile; fileRef = FB838581248D1DB600E88304 /* PullRequestParticipantUserLinks.swift */; };
		FB838584248D1DE300E88304 /* PullRequestLinksHref.swift in Sources */ = {isa = PBXBuildFile; fileRef = FB838583248D1DE300E88304 /* PullRequestLinksHref.swift */; };
		FB838587248D24E100E88304 /* Repository.swift in Sources */ = {isa = PBXBuildFile; fileRef = FB838586248D24E100E88304 /* Repository.swift */; };
		FB838589248D388700E88304 /* PreferencesTabViewController.swift in Sources */ = {isa = PBXBuildFile; fileRef = FB838588248D388700E88304 /* PreferencesTabViewController.swift */; };
		FB83858B248D3B2600E88304 /* PreferencesWindowController.swift in Sources */ = {isa = PBXBuildFile; fileRef = FB83858A248D3B2600E88304 /* PreferencesWindowController.swift */; };
		FB83858D248E767B00E88304 /* PreferencesBitbucketUserViewController.swift in Sources */ = {isa = PBXBuildFile; fileRef = FB83858C248E767B00E88304 /* PreferencesBitbucketUserViewController.swift */; };
		FB838590248E78C600E88304 /* TextCollectionViewItem.swift in Sources */ = {isa = PBXBuildFile; fileRef = FB83858E248E78C600E88304 /* TextCollectionViewItem.swift */; };
		FB838591248E78C600E88304 /* TextCollectionViewItem.xib in Resources */ = {isa = PBXBuildFile; fileRef = FB83858F248E78C600E88304 /* TextCollectionViewItem.xib */; };
		FB8385932496730B00E88304 /* PreferencesBitbucketUserInputViewController.swift in Sources */ = {isa = PBXBuildFile; fileRef = FB8385922496730B00E88304 /* PreferencesBitbucketUserInputViewController.swift */; };
		FB8385962497B03900E88304 /* User.swift in Sources */ = {isa = PBXBuildFile; fileRef = FB8385952497B03900E88304 /* User.swift */; };
		FB8385992497BF2A00E88304 /* NSColor+AppColor.swift in Sources */ = {isa = PBXBuildFile; fileRef = FB8385982497BF2A00E88304 /* NSColor+AppColor.swift */; };
		FB83859C2497CEFE00E88304 /* TextFieldHelper.swift in Sources */ = {isa = PBXBuildFile; fileRef = FB83859B2497CEFE00E88304 /* TextFieldHelper.swift */; };
		FB83859E249907B500E88304 /* PreferencesRepositoryViewController.swift in Sources */ = {isa = PBXBuildFile; fileRef = FB83859D249907B500E88304 /* PreferencesRepositoryViewController.swift */; };
		FB8385A0249907CB00E88304 /* PreferencesRepositoryInputViewController.swift in Sources */ = {isa = PBXBuildFile; fileRef = FB83859F249907CB00E88304 /* PreferencesRepositoryInputViewController.swift */; };
		FB8385A224990CA600E88304 /* RepositoryPreference.swift in Sources */ = {isa = PBXBuildFile; fileRef = FB8385A124990CA600E88304 /* RepositoryPreference.swift */; };
		FB8385A4249BAFB800E88304 /* PullRequestLog.swift in Sources */ = {isa = PBXBuildFile; fileRef = FB8385A3249BAFB800E88304 /* PullRequestLog.swift */; };
		FB8385A6249BB18100E88304 /* PullRequestData.swift in Sources */ = {isa = PBXBuildFile; fileRef = FB8385A5249BB18100E88304 /* PullRequestData.swift */; };
		FB8385A9249BB55200E88304 /* PullRequestCollectionViewItemPresenter.swift in Sources */ = {isa = PBXBuildFile; fileRef = FB8385A8249BB55200E88304 /* PullRequestCollectionViewItemPresenter.swift */; };
		FB8385AB249BC4E300E88304 /* NSImageView+AsyncLoad.swift in Sources */ = {isa = PBXBuildFile; fileRef = FB8385AA249BC4E300E88304 /* NSImageView+AsyncLoad.swift */; };
		FB8385AD249F83DC00E88304 /* ReviewerIconContainerView.swift in Sources */ = {isa = PBXBuildFile; fileRef = FB8385AC249F83DC00E88304 /* ReviewerIconContainerView.swift */; };
		FB8385B0249F8B9E00E88304 /* ReviewerIconContainerViewPresenter.swift in Sources */ = {isa = PBXBuildFile; fileRef = FB8385AF249F8B9E00E88304 /* ReviewerIconContainerViewPresenter.swift */; };
		FB94099825108394000ABF70 /* NotifyMergedPullRequest.swift in Sources */ = {isa = PBXBuildFile; fileRef = FB94099725108394000ABF70 /* NotifyMergedPullRequest.swift */; };
		FBAAD7E924AE266000850FDD /* NotifyNewPullRequest.swift in Sources */ = {isa = PBXBuildFile; fileRef = FBAAD7E824AE266000850FDD /* NotifyNewPullRequest.swift */; };
		FBAAD7EB24AE2EE600850FDD /* SeparatePullRequestDataList.swift in Sources */ = {isa = PBXBuildFile; fileRef = FBAAD7EA24AE2EE600850FDD /* SeparatePullRequestDataList.swift */; };
		FBAAD7ED24AE32A700850FDD /* Sequence+JoinedAttributeString.swift in Sources */ = {isa = PBXBuildFile; fileRef = FBAAD7EC24AE32A700850FDD /* Sequence+JoinedAttributeString.swift */; };
		FBAAD7EF24AE355300850FDD /* AppDelegatePresenter.swift in Sources */ = {isa = PBXBuildFile; fileRef = FBAAD7EE24AE355300850FDD /* AppDelegatePresenter.swift */; };
		FBAF4B6E2471842800614EDB /* AppDelegate.swift in Sources */ = {isa = PBXBuildFile; fileRef = FBAF4B6D2471842800614EDB /* AppDelegate.swift */; };
		FBAF4B722471842A00614EDB /* Assets.xcassets in Resources */ = {isa = PBXBuildFile; fileRef = FBAF4B712471842A00614EDB /* Assets.xcassets */; };
		FBAF4B752471842B00614EDB /* Main.storyboard in Resources */ = {isa = PBXBuildFile; fileRef = FBAF4B732471842B00614EDB /* Main.storyboard */; };
		FBAF4B8224718BBE00614EDB /* MainViewController.swift in Sources */ = {isa = PBXBuildFile; fileRef = FBAF4B8124718BBE00614EDB /* MainViewController.swift */; };
		FBF2AE9924A0ECC5006379CA /* ReviewerIconView.swift in Sources */ = {isa = PBXBuildFile; fileRef = FBF2AE9824A0ECC5006379CA /* ReviewerIconView.swift */; };
		FBF2AE9B24A0ECD9006379CA /* ReviewerIconView.xib in Resources */ = {isa = PBXBuildFile; fileRef = FBF2AE9A24A0ECD9006379CA /* ReviewerIconView.xib */; };
		FBF2AE9D24A0F05C006379CA /* ReviewerIconViewPresenter.swift in Sources */ = {isa = PBXBuildFile; fileRef = FBF2AE9C24A0F05C006379CA /* ReviewerIconViewPresenter.swift */; };
		FBF46E3824B8AE35000981E5 /* PullRequestLinks.swift in Sources */ = {isa = PBXBuildFile; fileRef = FBF46E3724B8AE35000981E5 /* PullRequestLinks.swift */; };
		FBF62F67247C0E9000D4289D /* PullRequestCollectionViewItem.swift in Sources */ = {isa = PBXBuildFile; fileRef = FBF62F65247C0E9000D4289D /* PullRequestCollectionViewItem.swift */; };
		FBF62F68247C0E9000D4289D /* PullRequestCollectionViewItem.xib in Resources */ = {isa = PBXBuildFile; fileRef = FBF62F66247C0E9000D4289D /* PullRequestCollectionViewItem.xib */; };
		FBF62F6A247C10C500D4289D /* RepositoryTabViewController.swift in Sources */ = {isa = PBXBuildFile; fileRef = FBF62F69247C10C500D4289D /* RepositoryTabViewController.swift */; };
		FBF62F6C247C132000D4289D /* PullRequestViewController.swift in Sources */ = {isa = PBXBuildFile; fileRef = FBF62F6B247C132000D4289D /* PullRequestViewController.swift */; };
		FBF62F7024815F1E00D4289D /* Realm.framework in Frameworks */ = {isa = PBXBuildFile; fileRef = FBF62F6F24815F1E00D4289D /* Realm.framework */; };
		FBF62F7124815F1E00D4289D /* Realm.framework in Embed Frameworks */ = {isa = PBXBuildFile; fileRef = FBF62F6F24815F1E00D4289D /* Realm.framework */; settings = {ATTRIBUTES = (CodeSignOnCopy, RemoveHeadersOnCopy, ); }; };
		FBF62F742483E3D200D4289D /* RealmSwift.framework in Frameworks */ = {isa = PBXBuildFile; fileRef = FBF62F732483E3D200D4289D /* RealmSwift.framework */; };
		FBF62F752483E3D200D4289D /* RealmSwift.framework in Embed Frameworks */ = {isa = PBXBuildFile; fileRef = FBF62F732483E3D200D4289D /* RealmSwift.framework */; settings = {ATTRIBUTES = (CodeSignOnCopy, RemoveHeadersOnCopy, ); }; };
		FBF62F7B2483FD6600D4289D /* Moya.framework in Frameworks */ = {isa = PBXBuildFile; fileRef = FBF62F7A2483FD6600D4289D /* Moya.framework */; };
		FBF62F7C2483FD6600D4289D /* Moya.framework in Embed Frameworks */ = {isa = PBXBuildFile; fileRef = FBF62F7A2483FD6600D4289D /* Moya.framework */; settings = {ATTRIBUTES = (CodeSignOnCopy, RemoveHeadersOnCopy, ); }; };
/* End PBXBuildFile section */

/* Begin PBXCopyFilesBuildPhase section */
		FBF62F7224815F1E00D4289D /* Embed Frameworks */ = {
			isa = PBXCopyFilesBuildPhase;
			buildActionMask = 2147483647;
			dstPath = "";
			dstSubfolderSpec = 10;
			files = (
				FBF62F752483E3D200D4289D /* RealmSwift.framework in Embed Frameworks */,
				FBF62F7C2483FD6600D4289D /* Moya.framework in Embed Frameworks */,
				FBF62F7124815F1E00D4289D /* Realm.framework in Embed Frameworks */,
				FB8385612486A6C700E88304 /* Alamofire.framework in Embed Frameworks */,
			);
			name = "Embed Frameworks";
			runOnlyForDeploymentPostprocessing = 0;
		};
/* End PBXCopyFilesBuildPhase section */

/* Begin PBXFileReference section */
		FB65B6D324B3672F00891E92 /* Migration.swift */ = {isa = PBXFileReference; lastKnownFileType = sourcecode.swift; path = Migration.swift; sourceTree = "<group>"; };
		FB65B6D524B36A1E00891E92 /* PullRequestSource.swift */ = {isa = PBXFileReference; lastKnownFileType = sourcecode.swift; path = PullRequestSource.swift; sourceTree = "<group>"; };
		FB65B6D724B36A3D00891E92 /* PullRequestCommit.swift */ = {isa = PBXFileReference; lastKnownFileType = sourcecode.swift; path = PullRequestCommit.swift; sourceTree = "<group>"; };
		FB65B6D924B36A9900891E92 /* CreatePullRequestLog.swift */ = {isa = PBXFileReference; lastKnownFileType = sourcecode.swift; path = CreatePullRequestLog.swift; sourceTree = "<group>"; };
		FB65B6DB24B36D3E00891E92 /* NotifyNewCommit.swift */ = {isa = PBXFileReference; lastKnownFileType = sourcecode.swift; path = NotifyNewCommit.swift; sourceTree = "<group>"; };
		FB65B6DD24B37B1A00891E92 /* AboutViewController.swift */ = {isa = PBXFileReference; lastKnownFileType = sourcecode.swift; path = AboutViewController.swift; sourceTree = "<group>"; };
		FB77488724A25A4800A0CCE0 /* RepositoryTabItemView.swift */ = {isa = PBXFileReference; lastKnownFileType = sourcecode.swift; path = RepositoryTabItemView.swift; sourceTree = "<group>"; };
		FB77488924A25A5E00A0CCE0 /* RepositoryTabItemView.xib */ = {isa = PBXFileReference; lastKnownFileType = file.xib; path = RepositoryTabItemView.xib; sourceTree = "<group>"; };
		FB77488B24A25DA800A0CCE0 /* RepositoryTabItemViewPresenter.swift */ = {isa = PBXFileReference; lastKnownFileType = sourcecode.swift; path = RepositoryTabItemViewPresenter.swift; sourceTree = "<group>"; };
		FB77488E24A25E0900A0CCE0 /* UnreadCommentPresenter.swift */ = {isa = PBXFileReference; lastKnownFileType = sourcecode.swift; path = UnreadCommentPresenter.swift; sourceTree = "<group>"; };
		FB77489124A4E26200A0CCE0 /* UpdatePullRequestLog.swift */ = {isa = PBXFileReference; lastKnownFileType = sourcecode.swift; path = UpdatePullRequestLog.swift; sourceTree = "<group>"; };
		FB77489324A4E4EF00A0CCE0 /* CalcUnreadCommentCount.swift */ = {isa = PBXFileReference; lastKnownFileType = sourcecode.swift; path = CalcUnreadCommentCount.swift; sourceTree = "<group>"; };
		FB77489524A4E6F300A0CCE0 /* NotifiyNewUnreadComment.swift */ = {isa = PBXFileReference; lastKnownFileType = sourcecode.swift; path = NotifiyNewUnreadComment.swift; sourceTree = "<group>"; };
		FB77489924AA25D000A0CCE0 /* PullRequestPresenter.swift */ = {isa = PBXFileReference; lastKnownFileType = sourcecode.swift; path = PullRequestPresenter.swift; sourceTree = "<group>"; };
		FB77489B24AA263600A0CCE0 /* PullRequestSectionPresenter.swift */ = {isa = PBXFileReference; lastKnownFileType = sourcecode.swift; path = PullRequestSectionPresenter.swift; sourceTree = "<group>"; };
		FB77489D24AA2F1300A0CCE0 /* PullRequestCollectionViewSection.swift */ = {isa = PBXFileReference; lastKnownFileType = sourcecode.swift; path = PullRequestCollectionViewSection.swift; sourceTree = "<group>"; };
		FB77489F24AA2F2000A0CCE0 /* PullRequestCollectionViewSection.xib */ = {isa = PBXFileReference; lastKnownFileType = file.xib; path = PullRequestCollectionViewSection.xib; sourceTree = "<group>"; };
		FB83855B248696F600E88304 /* FetchPullRequests.swift */ = {isa = PBXFileReference; lastKnownFileType = sourcecode.swift; path = FetchPullRequests.swift; sourceTree = "<group>"; };
		FB83855F2486A6C700E88304 /* Alamofire.framework */ = {isa = PBXFileReference; lastKnownFileType = wrapper.framework; name = Alamofire.framework; path = Carthage/Build/Mac/Alamofire.framework; sourceTree = "<group>"; };
		FB8385642487D7F200E88304 /* RequestHeader.swift */ = {isa = PBXFileReference; lastKnownFileType = sourcecode.swift; path = RequestHeader.swift; sourceTree = "<group>"; };
		FB8385662487DAC600E88304 /* BaseUrl.swift */ = {isa = PBXFileReference; lastKnownFileType = sourcecode.swift; path = BaseUrl.swift; sourceTree = "<group>"; };
		FB83856924894A6900E88304 /* CallFetchPullRequests.swift */ = {isa = PBXFileReference; lastKnownFileType = sourcecode.swift; path = CallFetchPullRequests.swift; sourceTree = "<group>"; };
		FB83856B24894FD300E88304 /* ApiError.swift */ = {isa = PBXFileReference; lastKnownFileType = sourcecode.swift; path = ApiError.swift; sourceTree = "<group>"; };
		FB83856D248953B200E88304 /* DecodeJson.swift */ = {isa = PBXFileReference; lastKnownFileType = sourcecode.swift; path = DecodeJson.swift; sourceTree = "<group>"; };
		FB838571248A921A00E88304 /* FetchPullRequestResponse.swift */ = {isa = PBXFileReference; lastKnownFileType = sourcecode.swift; path = FetchPullRequestResponse.swift; sourceTree = "<group>"; };
		FB838574248A936600E88304 /* PullRequestVallue.swift */ = {isa = PBXFileReference; lastKnownFileType = sourcecode.swift; path = PullRequestVallue.swift; sourceTree = "<group>"; };
		FB838577248AA2F600E88304 /* ShowPullRequest.swift */ = {isa = PBXFileReference; lastKnownFileType = sourcecode.swift; path = ShowPullRequest.swift; sourceTree = "<group>"; };
		FB838579248AA36400E88304 /* CallShowPullRequest.swift */ = {isa = PBXFileReference; lastKnownFileType = sourcecode.swift; path = CallShowPullRequest.swift; sourceTree = "<group>"; };
		FB83857B248AA4E600E88304 /* ShowPullRequestResponse.swift */ = {isa = PBXFileReference; lastKnownFileType = sourcecode.swift; path = ShowPullRequestResponse.swift; sourceTree = "<group>"; };
		FB83857D248AA82400E88304 /* PullRequestParticipant.swift */ = {isa = PBXFileReference; lastKnownFileType = sourcecode.swift; path = PullRequestParticipant.swift; sourceTree = "<group>"; };
		FB83857F248D1D5100E88304 /* PullRequestParticipantUser.swift */ = {isa = PBXFileReference; lastKnownFileType = sourcecode.swift; path = PullRequestParticipantUser.swift; sourceTree = "<group>"; };
		FB838581248D1DB600E88304 /* PullRequestParticipantUserLinks.swift */ = {isa = PBXFileReference; lastKnownFileType = sourcecode.swift; path = PullRequestParticipantUserLinks.swift; sourceTree = "<group>"; };
		FB838583248D1DE300E88304 /* PullRequestLinksHref.swift */ = {isa = PBXFileReference; lastKnownFileType = sourcecode.swift; path = PullRequestLinksHref.swift; sourceTree = "<group>"; };
		FB838586248D24E100E88304 /* Repository.swift */ = {isa = PBXFileReference; lastKnownFileType = sourcecode.swift; path = Repository.swift; sourceTree = "<group>"; };
		FB838588248D388700E88304 /* PreferencesTabViewController.swift */ = {isa = PBXFileReference; lastKnownFileType = sourcecode.swift; path = PreferencesTabViewController.swift; sourceTree = "<group>"; };
		FB83858A248D3B2600E88304 /* PreferencesWindowController.swift */ = {isa = PBXFileReference; lastKnownFileType = sourcecode.swift; path = PreferencesWindowController.swift; sourceTree = "<group>"; };
		FB83858C248E767B00E88304 /* PreferencesBitbucketUserViewController.swift */ = {isa = PBXFileReference; lastKnownFileType = sourcecode.swift; path = PreferencesBitbucketUserViewController.swift; sourceTree = "<group>"; };
		FB83858E248E78C600E88304 /* TextCollectionViewItem.swift */ = {isa = PBXFileReference; lastKnownFileType = sourcecode.swift; path = TextCollectionViewItem.swift; sourceTree = "<group>"; };
		FB83858F248E78C600E88304 /* TextCollectionViewItem.xib */ = {isa = PBXFileReference; lastKnownFileType = file.xib; path = TextCollectionViewItem.xib; sourceTree = "<group>"; };
		FB8385922496730B00E88304 /* PreferencesBitbucketUserInputViewController.swift */ = {isa = PBXFileReference; lastKnownFileType = sourcecode.swift; path = PreferencesBitbucketUserInputViewController.swift; sourceTree = "<group>"; };
		FB8385952497B03900E88304 /* User.swift */ = {isa = PBXFileReference; lastKnownFileType = sourcecode.swift; path = User.swift; sourceTree = "<group>"; };
		FB8385982497BF2A00E88304 /* NSColor+AppColor.swift */ = {isa = PBXFileReference; lastKnownFileType = sourcecode.swift; path = "NSColor+AppColor.swift"; sourceTree = "<group>"; };
		FB83859B2497CEFE00E88304 /* TextFieldHelper.swift */ = {isa = PBXFileReference; lastKnownFileType = sourcecode.swift; path = TextFieldHelper.swift; sourceTree = "<group>"; };
		FB83859D249907B500E88304 /* PreferencesRepositoryViewController.swift */ = {isa = PBXFileReference; lastKnownFileType = sourcecode.swift; path = PreferencesRepositoryViewController.swift; sourceTree = "<group>"; };
		FB83859F249907CB00E88304 /* PreferencesRepositoryInputViewController.swift */ = {isa = PBXFileReference; lastKnownFileType = sourcecode.swift; path = PreferencesRepositoryInputViewController.swift; sourceTree = "<group>"; };
		FB8385A124990CA600E88304 /* RepositoryPreference.swift */ = {isa = PBXFileReference; lastKnownFileType = sourcecode.swift; path = RepositoryPreference.swift; sourceTree = "<group>"; };
		FB8385A3249BAFB800E88304 /* PullRequestLog.swift */ = {isa = PBXFileReference; lastKnownFileType = sourcecode.swift; path = PullRequestLog.swift; sourceTree = "<group>"; };
		FB8385A5249BB18100E88304 /* PullRequestData.swift */ = {isa = PBXFileReference; lastKnownFileType = sourcecode.swift; path = PullRequestData.swift; sourceTree = "<group>"; };
		FB8385A8249BB55200E88304 /* PullRequestCollectionViewItemPresenter.swift */ = {isa = PBXFileReference; lastKnownFileType = sourcecode.swift; path = PullRequestCollectionViewItemPresenter.swift; sourceTree = "<group>"; };
		FB8385AA249BC4E300E88304 /* NSImageView+AsyncLoad.swift */ = {isa = PBXFileReference; lastKnownFileType = sourcecode.swift; path = "NSImageView+AsyncLoad.swift"; sourceTree = "<group>"; };
		FB8385AC249F83DC00E88304 /* ReviewerIconContainerView.swift */ = {isa = PBXFileReference; lastKnownFileType = sourcecode.swift; path = ReviewerIconContainerView.swift; sourceTree = "<group>"; };
		FB8385AF249F8B9E00E88304 /* ReviewerIconContainerViewPresenter.swift */ = {isa = PBXFileReference; lastKnownFileType = sourcecode.swift; path = ReviewerIconContainerViewPresenter.swift; sourceTree = "<group>"; };
		FB94099725108394000ABF70 /* NotifyMergedPullRequest.swift */ = {isa = PBXFileReference; lastKnownFileType = sourcecode.swift; path = NotifyMergedPullRequest.swift; sourceTree = "<group>"; };
		FBAAD7E824AE266000850FDD /* NotifyNewPullRequest.swift */ = {isa = PBXFileReference; lastKnownFileType = sourcecode.swift; path = NotifyNewPullRequest.swift; sourceTree = "<group>"; };
		FBAAD7EA24AE2EE600850FDD /* SeparatePullRequestDataList.swift */ = {isa = PBXFileReference; lastKnownFileType = sourcecode.swift; path = SeparatePullRequestDataList.swift; sourceTree = "<group>"; };
		FBAAD7EC24AE32A700850FDD /* Sequence+JoinedAttributeString.swift */ = {isa = PBXFileReference; lastKnownFileType = sourcecode.swift; path = "Sequence+JoinedAttributeString.swift"; sourceTree = "<group>"; };
		FBAAD7EE24AE355300850FDD /* AppDelegatePresenter.swift */ = {isa = PBXFileReference; lastKnownFileType = sourcecode.swift; path = AppDelegatePresenter.swift; sourceTree = "<group>"; };
		FBAF4B6A2471842800614EDB /* comet.app */ = {isa = PBXFileReference; explicitFileType = wrapper.application; includeInIndex = 0; path = comet.app; sourceTree = BUILT_PRODUCTS_DIR; };
		FBAF4B6D2471842800614EDB /* AppDelegate.swift */ = {isa = PBXFileReference; lastKnownFileType = sourcecode.swift; path = AppDelegate.swift; sourceTree = "<group>"; };
		FBAF4B712471842A00614EDB /* Assets.xcassets */ = {isa = PBXFileReference; lastKnownFileType = folder.assetcatalog; path = Assets.xcassets; sourceTree = "<group>"; };
		FBAF4B742471842B00614EDB /* Base */ = {isa = PBXFileReference; lastKnownFileType = file.storyboard; name = Base; path = Base.lproj/Main.storyboard; sourceTree = "<group>"; };
		FBAF4B762471842B00614EDB /* Info.plist */ = {isa = PBXFileReference; lastKnownFileType = text.plist.xml; path = Info.plist; sourceTree = "<group>"; };
		FBAF4B772471842B00614EDB /* comet.entitlements */ = {isa = PBXFileReference; lastKnownFileType = text.plist.entitlements; path = comet.entitlements; sourceTree = "<group>"; };
		FBAF4B8124718BBE00614EDB /* MainViewController.swift */ = {isa = PBXFileReference; fileEncoding = 4; lastKnownFileType = sourcecode.swift; path = MainViewController.swift; sourceTree = "<group>"; };
		FBF2AE9824A0ECC5006379CA /* ReviewerIconView.swift */ = {isa = PBXFileReference; lastKnownFileType = sourcecode.swift; path = ReviewerIconView.swift; sourceTree = "<group>"; };
		FBF2AE9A24A0ECD9006379CA /* ReviewerIconView.xib */ = {isa = PBXFileReference; lastKnownFileType = file.xib; path = ReviewerIconView.xib; sourceTree = "<group>"; };
		FBF2AE9C24A0F05C006379CA /* ReviewerIconViewPresenter.swift */ = {isa = PBXFileReference; lastKnownFileType = sourcecode.swift; path = ReviewerIconViewPresenter.swift; sourceTree = "<group>"; };
		FBF46E3724B8AE35000981E5 /* PullRequestLinks.swift */ = {isa = PBXFileReference; lastKnownFileType = sourcecode.swift; path = PullRequestLinks.swift; sourceTree = "<group>"; };
		FBF62F65247C0E9000D4289D /* PullRequestCollectionViewItem.swift */ = {isa = PBXFileReference; lastKnownFileType = sourcecode.swift; path = PullRequestCollectionViewItem.swift; sourceTree = "<group>"; };
		FBF62F66247C0E9000D4289D /* PullRequestCollectionViewItem.xib */ = {isa = PBXFileReference; lastKnownFileType = file.xib; path = PullRequestCollectionViewItem.xib; sourceTree = "<group>"; };
		FBF62F69247C10C500D4289D /* RepositoryTabViewController.swift */ = {isa = PBXFileReference; lastKnownFileType = sourcecode.swift; path = RepositoryTabViewController.swift; sourceTree = "<group>"; };
		FBF62F6B247C132000D4289D /* PullRequestViewController.swift */ = {isa = PBXFileReference; lastKnownFileType = sourcecode.swift; path = PullRequestViewController.swift; sourceTree = "<group>"; };
		FBF62F6F24815F1E00D4289D /* Realm.framework */ = {isa = PBXFileReference; lastKnownFileType = wrapper.framework; name = Realm.framework; path = Carthage/Build/Mac/Realm.framework; sourceTree = "<group>"; };
		FBF62F732483E3D200D4289D /* RealmSwift.framework */ = {isa = PBXFileReference; lastKnownFileType = wrapper.framework; name = RealmSwift.framework; path = Carthage/Build/Mac/RealmSwift.framework; sourceTree = "<group>"; };
		FBF62F7A2483FD6600D4289D /* Moya.framework */ = {isa = PBXFileReference; lastKnownFileType = wrapper.framework; name = Moya.framework; path = Carthage/Build/Mac/Moya.framework; sourceTree = "<group>"; };
/* End PBXFileReference section */

/* Begin PBXFrameworksBuildPhase section */
		FBAF4B672471842800614EDB /* Frameworks */ = {
			isa = PBXFrameworksBuildPhase;
			buildActionMask = 2147483647;
			files = (
				FBF62F742483E3D200D4289D /* RealmSwift.framework in Frameworks */,
				FBF62F7B2483FD6600D4289D /* Moya.framework in Frameworks */,
				FBF62F7024815F1E00D4289D /* Realm.framework in Frameworks */,
				FB8385602486A6C700E88304 /* Alamofire.framework in Frameworks */,
			);
			runOnlyForDeploymentPostprocessing = 0;
		};
/* End PBXFrameworksBuildPhase section */

/* Begin PBXGroup section */
		FB77488D24A25DDE00A0CCE0 /* helper */ = {
			isa = PBXGroup;
			children = (
				FB77488E24A25E0900A0CCE0 /* UnreadCommentPresenter.swift */,
			);
			path = helper;
			sourceTree = "<group>";
		};
		FB77489024A4E21600A0CCE0 /* usecase */ = {
			isa = PBXGroup;
			children = (
				FB65B6D924B36A9900891E92 /* CreatePullRequestLog.swift */,
				FB77489124A4E26200A0CCE0 /* UpdatePullRequestLog.swift */,
				FB77489324A4E4EF00A0CCE0 /* CalcUnreadCommentCount.swift */,
				FBAAD7E824AE266000850FDD /* NotifyNewPullRequest.swift */,
				FB94099725108394000ABF70 /* NotifyMergedPullRequest.swift */,
				FB77489524A4E6F300A0CCE0 /* NotifiyNewUnreadComment.swift */,
				FB65B6DB24B36D3E00891E92 /* NotifyNewCommit.swift */,
				FBAAD7EA24AE2EE600850FDD /* SeparatePullRequestDataList.swift */,
			);
			path = usecase;
			sourceTree = "<group>";
		};
		FB8385592486967C00E88304 /* Model */ = {
			isa = PBXGroup;
			children = (
				FB8385972497BF1500E88304 /* extension */,
				FB8385942497B02700E88304 /* realm */,
				FB83855A248696D600E88304 /* api */,
				FB838585248D249E00E88304 /* repository */,
				FB77489024A4E21600A0CCE0 /* usecase */,
			);
			path = Model;
			sourceTree = "<group>";
		};
		FB83855A248696D600E88304 /* api */ = {
			isa = PBXGroup;
			children = (
				FB8385632487D79C00E88304 /* core */,
				FB83856824894A4B00E88304 /* callApi */,
				FB8385622487D75700E88304 /* request */,
				FB83856F248A91D800E88304 /* response */,
			);
			path = api;
			sourceTree = "<group>";
		};
		FB8385622487D75700E88304 /* request */ = {
			isa = PBXGroup;
			children = (
				FB838576248AA2E200E88304 /* pullRequest */,
			);
			path = request;
			sourceTree = "<group>";
		};
		FB8385632487D79C00E88304 /* core */ = {
			isa = PBXGroup;
			children = (
				FB8385642487D7F200E88304 /* RequestHeader.swift */,
				FB8385662487DAC600E88304 /* BaseUrl.swift */,
				FB83856B24894FD300E88304 /* ApiError.swift */,
				FB83856D248953B200E88304 /* DecodeJson.swift */,
			);
			path = core;
			sourceTree = "<group>";
		};
		FB83856824894A4B00E88304 /* callApi */ = {
			isa = PBXGroup;
			children = (
				FB83856924894A6900E88304 /* CallFetchPullRequests.swift */,
				FB838579248AA36400E88304 /* CallShowPullRequest.swift */,
			);
			path = callApi;
			sourceTree = "<group>";
		};
		FB83856F248A91D800E88304 /* response */ = {
			isa = PBXGroup;
			children = (
				FB838570248A91FB00E88304 /* pullRequest */,
			);
			path = response;
			sourceTree = "<group>";
		};
		FB838570248A91FB00E88304 /* pullRequest */ = {
			isa = PBXGroup;
			children = (
				FB838571248A921A00E88304 /* FetchPullRequestResponse.swift */,
				FB838574248A936600E88304 /* PullRequestVallue.swift */,
				FB83857B248AA4E600E88304 /* ShowPullRequestResponse.swift */,
				FB83857D248AA82400E88304 /* PullRequestParticipant.swift */,
				FB83857F248D1D5100E88304 /* PullRequestParticipantUser.swift */,
				FB838581248D1DB600E88304 /* PullRequestParticipantUserLinks.swift */,
				FBF46E3724B8AE35000981E5 /* PullRequestLinks.swift */,
				FB838583248D1DE300E88304 /* PullRequestLinksHref.swift */,
				FB65B6D524B36A1E00891E92 /* PullRequestSource.swift */,
				FB65B6D724B36A3D00891E92 /* PullRequestCommit.swift */,
			);
			path = pullRequest;
			sourceTree = "<group>";
		};
		FB838576248AA2E200E88304 /* pullRequest */ = {
			isa = PBXGroup;
			children = (
				FB83855B248696F600E88304 /* FetchPullRequests.swift */,
				FB838577248AA2F600E88304 /* ShowPullRequest.swift */,
			);
			path = pullRequest;
			sourceTree = "<group>";
		};
		FB838585248D249E00E88304 /* repository */ = {
			isa = PBXGroup;
			children = (
				FB838586248D24E100E88304 /* Repository.swift */,
				FB8385A5249BB18100E88304 /* PullRequestData.swift */,
			);
			path = repository;
			sourceTree = "<group>";
		};
		FB8385942497B02700E88304 /* realm */ = {
			isa = PBXGroup;
			children = (
				FB65B6D324B3672F00891E92 /* Migration.swift */,
				FB8385952497B03900E88304 /* User.swift */,
				FB8385A124990CA600E88304 /* RepositoryPreference.swift */,
				FB8385A3249BAFB800E88304 /* PullRequestLog.swift */,
			);
			path = realm;
			sourceTree = "<group>";
		};
		FB8385972497BF1500E88304 /* extension */ = {
			isa = PBXGroup;
			children = (
				FB8385982497BF2A00E88304 /* NSColor+AppColor.swift */,
				FB8385AA249BC4E300E88304 /* NSImageView+AsyncLoad.swift */,
				FBAAD7EC24AE32A700850FDD /* Sequence+JoinedAttributeString.swift */,
			);
			path = extension;
			sourceTree = "<group>";
		};
		FB83859A2497CEEF00E88304 /* shared */ = {
			isa = PBXGroup;
			children = (
				FB83859B2497CEFE00E88304 /* TextFieldHelper.swift */,
			);
			path = shared;
			sourceTree = "<group>";
		};
		FB8385AE249F8B2100E88304 /* presenter */ = {
			isa = PBXGroup;
			children = (
				FB77488D24A25DDE00A0CCE0 /* helper */,
				FBAAD7EE24AE355300850FDD /* AppDelegatePresenter.swift */,
				FB77488B24A25DA800A0CCE0 /* RepositoryTabItemViewPresenter.swift */,
				FB77489924AA25D000A0CCE0 /* PullRequestPresenter.swift */,
				FB77489B24AA263600A0CCE0 /* PullRequestSectionPresenter.swift */,
				FB8385A8249BB55200E88304 /* PullRequestCollectionViewItemPresenter.swift */,
				FB8385AF249F8B9E00E88304 /* ReviewerIconContainerViewPresenter.swift */,
				FBF2AE9C24A0F05C006379CA /* ReviewerIconViewPresenter.swift */,
			);
			path = presenter;
			sourceTree = "<group>";
		};
		FBAF4B612471842800614EDB = {
			isa = PBXGroup;
			children = (
				FBAF4B6C2471842800614EDB /* comet */,
				FBAF4B6B2471842800614EDB /* Products */,
				FBF62F6D24815E9200D4289D /* Frameworks */,
			);
			sourceTree = "<group>";
		};
		FBAF4B6B2471842800614EDB /* Products */ = {
			isa = PBXGroup;
			children = (
				FBAF4B6A2471842800614EDB /* comet.app */,
			);
			name = Products;
			sourceTree = "<group>";
		};
		FBAF4B6C2471842800614EDB /* comet */ = {
			isa = PBXGroup;
			children = (
				FB8385592486967C00E88304 /* Model */,
				FBAF4B7E24718B9100614EDB /* ViewController */,
				FBF62F64247C0D3600D4289D /* View */,
				FBAF4B6D2471842800614EDB /* AppDelegate.swift */,
				FBAF4B712471842A00614EDB /* Assets.xcassets */,
				FBAF4B732471842B00614EDB /* Main.storyboard */,
				FBAF4B762471842B00614EDB /* Info.plist */,
				FBAF4B772471842B00614EDB /* comet.entitlements */,
			);
			path = comet;
			sourceTree = "<group>";
		};
		FBAF4B7E24718B9100614EDB /* ViewController */ = {
			isa = PBXGroup;
			children = (
				FB8385AE249F8B2100E88304 /* presenter */,
				FB65B6DD24B37B1A00891E92 /* AboutViewController.swift */,
				FBAF4B8124718BBE00614EDB /* MainViewController.swift */,
				FBF62F69247C10C500D4289D /* RepositoryTabViewController.swift */,
				FBF62F6B247C132000D4289D /* PullRequestViewController.swift */,
				FB83858A248D3B2600E88304 /* PreferencesWindowController.swift */,
				FB838588248D388700E88304 /* PreferencesTabViewController.swift */,
				FB83858C248E767B00E88304 /* PreferencesBitbucketUserViewController.swift */,
				FB8385922496730B00E88304 /* PreferencesBitbucketUserInputViewController.swift */,
				FB83859D249907B500E88304 /* PreferencesRepositoryViewController.swift */,
				FB83859F249907CB00E88304 /* PreferencesRepositoryInputViewController.swift */,
			);
			path = ViewController;
			sourceTree = "<group>";
		};
		FBF62F64247C0D3600D4289D /* View */ = {
			isa = PBXGroup;
			children = (
				FB83859A2497CEEF00E88304 /* shared */,
				FB77488724A25A4800A0CCE0 /* RepositoryTabItemView.swift */,
				FB77488924A25A5E00A0CCE0 /* RepositoryTabItemView.xib */,
				FB8385AC249F83DC00E88304 /* ReviewerIconContainerView.swift */,
				FBF2AE9824A0ECC5006379CA /* ReviewerIconView.swift */,
				FBF2AE9A24A0ECD9006379CA /* ReviewerIconView.xib */,
				FB77489D24AA2F1300A0CCE0 /* PullRequestCollectionViewSection.swift */,
				FB77489F24AA2F2000A0CCE0 /* PullRequestCollectionViewSection.xib */,
				FBF62F65247C0E9000D4289D /* PullRequestCollectionViewItem.swift */,
				FBF62F66247C0E9000D4289D /* PullRequestCollectionViewItem.xib */,
				FB83858E248E78C600E88304 /* TextCollectionViewItem.swift */,
				FB83858F248E78C600E88304 /* TextCollectionViewItem.xib */,
			);
			path = View;
			sourceTree = "<group>";
		};
		FBF62F6D24815E9200D4289D /* Frameworks */ = {
			isa = PBXGroup;
			children = (
				FB83855F2486A6C700E88304 /* Alamofire.framework */,
				FBF62F7A2483FD6600D4289D /* Moya.framework */,
				FBF62F732483E3D200D4289D /* RealmSwift.framework */,
				FBF62F6F24815F1E00D4289D /* Realm.framework */,
			);
			name = Frameworks;
			sourceTree = "<group>";
		};
/* End PBXGroup section */

/* Begin PBXNativeTarget section */
		FBAF4B692471842800614EDB /* comet */ = {
			isa = PBXNativeTarget;
			buildConfigurationList = FBAF4B7A2471842B00614EDB /* Build configuration list for PBXNativeTarget "comet" */;
			buildPhases = (
				FBAF4B662471842800614EDB /* Sources */,
				FBAF4B672471842800614EDB /* Frameworks */,
				FBAF4B682471842800614EDB /* Resources */,
				FBF62F7224815F1E00D4289D /* Embed Frameworks */,
			);
			buildRules = (
			);
			dependencies = (
			);
			name = comet;
			productName = comet;
			productReference = FBAF4B6A2471842800614EDB /* comet.app */;
			productType = "com.apple.product-type.application";
		};
/* End PBXNativeTarget section */

/* Begin PBXProject section */
		FBAF4B622471842800614EDB /* Project object */ = {
			isa = PBXProject;
			attributes = {
				LastSwiftUpdateCheck = 1140;
				LastUpgradeCheck = 1140;
				ORGANIZATIONNAME = koalab;
				TargetAttributes = {
					FBAF4B692471842800614EDB = {
						CreatedOnToolsVersion = 11.4.1;
					};
				};
			};
			buildConfigurationList = FBAF4B652471842800614EDB /* Build configuration list for PBXProject "comet" */;
			compatibilityVersion = "Xcode 9.3";
			developmentRegion = en;
			hasScannedForEncodings = 0;
			knownRegions = (
				en,
				Base,
			);
			mainGroup = FBAF4B612471842800614EDB;
			productRefGroup = FBAF4B6B2471842800614EDB /* Products */;
			projectDirPath = "";
			projectRoot = "";
			targets = (
				FBAF4B692471842800614EDB /* comet */,
			);
		};
/* End PBXProject section */

/* Begin PBXResourcesBuildPhase section */
		FBAF4B682471842800614EDB /* Resources */ = {
			isa = PBXResourcesBuildPhase;
			buildActionMask = 2147483647;
			files = (
				FBF2AE9B24A0ECD9006379CA /* ReviewerIconView.xib in Resources */,
				FBF62F68247C0E9000D4289D /* PullRequestCollectionViewItem.xib in Resources */,
				FBAF4B722471842A00614EDB /* Assets.xcassets in Resources */,
				FB77488A24A25A5E00A0CCE0 /* RepositoryTabItemView.xib in Resources */,
				FB838591248E78C600E88304 /* TextCollectionViewItem.xib in Resources */,
				FBAF4B752471842B00614EDB /* Main.storyboard in Resources */,
				FB7748A024AA2F2000A0CCE0 /* PullRequestCollectionViewSection.xib in Resources */,
			);
			runOnlyForDeploymentPostprocessing = 0;
		};
/* End PBXResourcesBuildPhase section */

/* Begin PBXSourcesBuildPhase section */
		FBAF4B662471842800614EDB /* Sources */ = {
			isa = PBXSourcesBuildPhase;
			buildActionMask = 2147483647;
			files = (
				FB8385A0249907CB00E88304 /* PreferencesRepositoryInputViewController.swift in Sources */,
				FB77488F24A25E0900A0CCE0 /* UnreadCommentPresenter.swift in Sources */,
				FB94099825108394000ABF70 /* NotifyMergedPullRequest.swift in Sources */,
				FBF62F67247C0E9000D4289D /* PullRequestCollectionViewItem.swift in Sources */,
				FB77489A24AA25D000A0CCE0 /* PullRequestPresenter.swift in Sources */,
				FB8385AB249BC4E300E88304 /* NSImageView+AsyncLoad.swift in Sources */,
				FB83857E248AA82400E88304 /* PullRequestParticipant.swift in Sources */,
				FB77489424A4E4EF00A0CCE0 /* CalcUnreadCommentCount.swift in Sources */,
				FB838590248E78C600E88304 /* TextCollectionViewItem.swift in Sources */,
				FB8385B0249F8B9E00E88304 /* ReviewerIconContainerViewPresenter.swift in Sources */,
				FB83859E249907B500E88304 /* PreferencesRepositoryViewController.swift in Sources */,
				FB65B6D824B36A3D00891E92 /* PullRequestCommit.swift in Sources */,
				FB8385932496730B00E88304 /* PreferencesBitbucketUserInputViewController.swift in Sources */,
				FBAAD7EB24AE2EE600850FDD /* SeparatePullRequestDataList.swift in Sources */,
				FB77489E24AA2F1300A0CCE0 /* PullRequestCollectionViewSection.swift in Sources */,
				FB8385A4249BAFB800E88304 /* PullRequestLog.swift in Sources */,
				FB83859C2497CEFE00E88304 /* TextFieldHelper.swift in Sources */,
				FBAF4B6E2471842800614EDB /* AppDelegate.swift in Sources */,
				FB77489224A4E26200A0CCE0 /* UpdatePullRequestLog.swift in Sources */,
				FB65B6DE24B37B1A00891E92 /* AboutViewController.swift in Sources */,
				FBF46E3824B8AE35000981E5 /* PullRequestLinks.swift in Sources */,
				FB8385962497B03900E88304 /* User.swift in Sources */,
				FBAAD7E924AE266000850FDD /* NotifyNewPullRequest.swift in Sources */,
				FB77488C24A25DA800A0CCE0 /* RepositoryTabItemViewPresenter.swift in Sources */,
				FB65B6D424B3672F00891E92 /* Migration.swift in Sources */,
				FB77488824A25A4800A0CCE0 /* RepositoryTabItemView.swift in Sources */,
				FB83858B248D3B2600E88304 /* PreferencesWindowController.swift in Sources */,
				FB65B6DC24B36D3E00891E92 /* NotifyNewCommit.swift in Sources */,
				FB83856A24894A6900E88304 /* CallFetchPullRequests.swift in Sources */,
				FB838575248A936600E88304 /* PullRequestVallue.swift in Sources */,
				FB83856C24894FD300E88304 /* ApiError.swift in Sources */,
				FB838580248D1D5100E88304 /* PullRequestParticipantUser.swift in Sources */,
				FB838582248D1DB600E88304 /* PullRequestParticipantUserLinks.swift in Sources */,
				FB83857A248AA36400E88304 /* CallShowPullRequest.swift in Sources */,
				FB838572248A921A00E88304 /* FetchPullRequestResponse.swift in Sources */,
				FBF62F6A247C10C500D4289D /* RepositoryTabViewController.swift in Sources */,
				FB83858D248E767B00E88304 /* PreferencesBitbucketUserViewController.swift in Sources */,
				FB65B6D624B36A1E00891E92 /* PullRequestSource.swift in Sources */,
				FB8385652487D7F200E88304 /* RequestHeader.swift in Sources */,
				FB8385A9249BB55200E88304 /* PullRequestCollectionViewItemPresenter.swift in Sources */,
				FB8385A224990CA600E88304 /* RepositoryPreference.swift in Sources */,
				FBAF4B8224718BBE00614EDB /* MainViewController.swift in Sources */,
				FB83856E248953B200E88304 /* DecodeJson.swift in Sources */,
				FBF2AE9924A0ECC5006379CA /* ReviewerIconView.swift in Sources */,
				FB838587248D24E100E88304 /* Repository.swift in Sources */,
				FB8385992497BF2A00E88304 /* NSColor+AppColor.swift in Sources */,
				FBF62F6C247C132000D4289D /* PullRequestViewController.swift in Sources */,
				FBAAD7EF24AE355300850FDD /* AppDelegatePresenter.swift in Sources */,
				FB8385672487DAC600E88304 /* BaseUrl.swift in Sources */,
				FB8385AD249F83DC00E88304 /* ReviewerIconContainerView.swift in Sources */,
				FB77489624A4E6F300A0CCE0 /* NotifiyNewUnreadComment.swift in Sources */,
				FB8385A6249BB18100E88304 /* PullRequestData.swift in Sources */,
				FBAAD7ED24AE32A700850FDD /* Sequence+JoinedAttributeString.swift in Sources */,
				FB83855C248696F600E88304 /* FetchPullRequests.swift in Sources */,
				FB838584248D1DE300E88304 /* PullRequestLinksHref.swift in Sources */,
				FB83857C248AA4E600E88304 /* ShowPullRequestResponse.swift in Sources */,
				FB65B6DA24B36A9900891E92 /* CreatePullRequestLog.swift in Sources */,
				FB838578248AA2F600E88304 /* ShowPullRequest.swift in Sources */,
				FB838589248D388700E88304 /* PreferencesTabViewController.swift in Sources */,
				FB77489C24AA263600A0CCE0 /* PullRequestSectionPresenter.swift in Sources */,
				FBF2AE9D24A0F05C006379CA /* ReviewerIconViewPresenter.swift in Sources */,
			);
			runOnlyForDeploymentPostprocessing = 0;
		};
/* End PBXSourcesBuildPhase section */

/* Begin PBXVariantGroup section */
		FBAF4B732471842B00614EDB /* Main.storyboard */ = {
			isa = PBXVariantGroup;
			children = (
				FBAF4B742471842B00614EDB /* Base */,
			);
			name = Main.storyboard;
			sourceTree = "<group>";
		};
/* End PBXVariantGroup section */

/* Begin XCBuildConfiguration section */
		FBAF4B782471842B00614EDB /* Debug */ = {
			isa = XCBuildConfiguration;
			buildSettings = {
				ALWAYS_SEARCH_USER_PATHS = NO;
				CLANG_ANALYZER_NONNULL = YES;
				CLANG_ANALYZER_NUMBER_OBJECT_CONVERSION = YES_AGGRESSIVE;
				CLANG_CXX_LANGUAGE_STANDARD = "gnu++14";
				CLANG_CXX_LIBRARY = "libc++";
				CLANG_ENABLE_MODULES = YES;
				CLANG_ENABLE_OBJC_ARC = YES;
				CLANG_ENABLE_OBJC_WEAK = YES;
				CLANG_WARN_BLOCK_CAPTURE_AUTORELEASING = YES;
				CLANG_WARN_BOOL_CONVERSION = YES;
				CLANG_WARN_COMMA = YES;
				CLANG_WARN_CONSTANT_CONVERSION = YES;
				CLANG_WARN_DEPRECATED_OBJC_IMPLEMENTATIONS = YES;
				CLANG_WARN_DIRECT_OBJC_ISA_USAGE = YES_ERROR;
				CLANG_WARN_DOCUMENTATION_COMMENTS = YES;
				CLANG_WARN_EMPTY_BODY = YES;
				CLANG_WARN_ENUM_CONVERSION = YES;
				CLANG_WARN_INFINITE_RECURSION = YES;
				CLANG_WARN_INT_CONVERSION = YES;
				CLANG_WARN_NON_LITERAL_NULL_CONVERSION = YES;
				CLANG_WARN_OBJC_IMPLICIT_RETAIN_SELF = YES;
				CLANG_WARN_OBJC_LITERAL_CONVERSION = YES;
				CLANG_WARN_OBJC_ROOT_CLASS = YES_ERROR;
				CLANG_WARN_RANGE_LOOP_ANALYSIS = YES;
				CLANG_WARN_STRICT_PROTOTYPES = YES;
				CLANG_WARN_SUSPICIOUS_MOVE = YES;
				CLANG_WARN_UNGUARDED_AVAILABILITY = YES_AGGRESSIVE;
				CLANG_WARN_UNREACHABLE_CODE = YES;
				CLANG_WARN__DUPLICATE_METHOD_MATCH = YES;
				COPY_PHASE_STRIP = NO;
				DEBUG_INFORMATION_FORMAT = dwarf;
				ENABLE_STRICT_OBJC_MSGSEND = YES;
				ENABLE_TESTABILITY = YES;
				GCC_C_LANGUAGE_STANDARD = gnu11;
				GCC_DYNAMIC_NO_PIC = NO;
				GCC_NO_COMMON_BLOCKS = YES;
				GCC_OPTIMIZATION_LEVEL = 0;
				GCC_PREPROCESSOR_DEFINITIONS = (
					"DEBUG=1",
					"$(inherited)",
				);
				GCC_WARN_64_TO_32_BIT_CONVERSION = YES;
				GCC_WARN_ABOUT_RETURN_TYPE = YES_ERROR;
				GCC_WARN_UNDECLARED_SELECTOR = YES;
				GCC_WARN_UNINITIALIZED_AUTOS = YES_AGGRESSIVE;
				GCC_WARN_UNUSED_FUNCTION = YES;
				GCC_WARN_UNUSED_VARIABLE = YES;
				MACOSX_DEPLOYMENT_TARGET = 10.14;
				MTL_ENABLE_DEBUG_INFO = INCLUDE_SOURCE;
				MTL_FAST_MATH = YES;
				ONLY_ACTIVE_ARCH = YES;
				SDKROOT = macosx;
				SWIFT_ACTIVE_COMPILATION_CONDITIONS = DEBUG;
				SWIFT_OPTIMIZATION_LEVEL = "-Onone";
			};
			name = Debug;
		};
		FBAF4B792471842B00614EDB /* Release */ = {
			isa = XCBuildConfiguration;
			buildSettings = {
				ALWAYS_SEARCH_USER_PATHS = NO;
				CLANG_ANALYZER_NONNULL = YES;
				CLANG_ANALYZER_NUMBER_OBJECT_CONVERSION = YES_AGGRESSIVE;
				CLANG_CXX_LANGUAGE_STANDARD = "gnu++14";
				CLANG_CXX_LIBRARY = "libc++";
				CLANG_ENABLE_MODULES = YES;
				CLANG_ENABLE_OBJC_ARC = YES;
				CLANG_ENABLE_OBJC_WEAK = YES;
				CLANG_WARN_BLOCK_CAPTURE_AUTORELEASING = YES;
				CLANG_WARN_BOOL_CONVERSION = YES;
				CLANG_WARN_COMMA = YES;
				CLANG_WARN_CONSTANT_CONVERSION = YES;
				CLANG_WARN_DEPRECATED_OBJC_IMPLEMENTATIONS = YES;
				CLANG_WARN_DIRECT_OBJC_ISA_USAGE = YES_ERROR;
				CLANG_WARN_DOCUMENTATION_COMMENTS = YES;
				CLANG_WARN_EMPTY_BODY = YES;
				CLANG_WARN_ENUM_CONVERSION = YES;
				CLANG_WARN_INFINITE_RECURSION = YES;
				CLANG_WARN_INT_CONVERSION = YES;
				CLANG_WARN_NON_LITERAL_NULL_CONVERSION = YES;
				CLANG_WARN_OBJC_IMPLICIT_RETAIN_SELF = YES;
				CLANG_WARN_OBJC_LITERAL_CONVERSION = YES;
				CLANG_WARN_OBJC_ROOT_CLASS = YES_ERROR;
				CLANG_WARN_RANGE_LOOP_ANALYSIS = YES;
				CLANG_WARN_STRICT_PROTOTYPES = YES;
				CLANG_WARN_SUSPICIOUS_MOVE = YES;
				CLANG_WARN_UNGUARDED_AVAILABILITY = YES_AGGRESSIVE;
				CLANG_WARN_UNREACHABLE_CODE = YES;
				CLANG_WARN__DUPLICATE_METHOD_MATCH = YES;
				COPY_PHASE_STRIP = NO;
				DEBUG_INFORMATION_FORMAT = "dwarf-with-dsym";
				ENABLE_NS_ASSERTIONS = NO;
				ENABLE_STRICT_OBJC_MSGSEND = YES;
				GCC_C_LANGUAGE_STANDARD = gnu11;
				GCC_NO_COMMON_BLOCKS = YES;
				GCC_WARN_64_TO_32_BIT_CONVERSION = YES;
				GCC_WARN_ABOUT_RETURN_TYPE = YES_ERROR;
				GCC_WARN_UNDECLARED_SELECTOR = YES;
				GCC_WARN_UNINITIALIZED_AUTOS = YES_AGGRESSIVE;
				GCC_WARN_UNUSED_FUNCTION = YES;
				GCC_WARN_UNUSED_VARIABLE = YES;
				MACOSX_DEPLOYMENT_TARGET = 10.14;
				MTL_ENABLE_DEBUG_INFO = NO;
				MTL_FAST_MATH = YES;
				SDKROOT = macosx;
				SWIFT_COMPILATION_MODE = wholemodule;
				SWIFT_OPTIMIZATION_LEVEL = "-O";
			};
			name = Release;
		};
		FBAF4B7B2471842B00614EDB /* Debug */ = {
			isa = XCBuildConfiguration;
			buildSettings = {
				ASSETCATALOG_COMPILER_APPICON_NAME = AppIcon;
				CODE_SIGN_ENTITLEMENTS = comet/comet.entitlements;
				CODE_SIGN_STYLE = Automatic;
				COMBINE_HIDPI_IMAGES = YES;
				DEVELOPMENT_TEAM = L3KVSF9U8Y;
				ENABLE_HARDENED_RUNTIME = YES;
				FRAMEWORK_SEARCH_PATHS = (
					"$(inherited)",
					"$(PROJECT_DIR)/Carthage/Build/Mac",
				);
				INFOPLIST_FILE = comet/Info.plist;
				LD_RUNPATH_SEARCH_PATHS = (
					"$(inherited)",
					"@executable_path/../Frameworks",
				);
				MACOSX_DEPLOYMENT_TARGET = 10.14;
				MARKETING_VERSION = 1.0.3;
				PRODUCT_BUNDLE_IDENTIFIER = com.koalab.comet;
				PRODUCT_NAME = "$(TARGET_NAME)";
				SWIFT_VERSION = 5.0;
			};
			name = Debug;
		};
		FBAF4B7C2471842B00614EDB /* Release */ = {
			isa = XCBuildConfiguration;
			buildSettings = {
				ASSETCATALOG_COMPILER_APPICON_NAME = AppIcon;
				CODE_SIGN_ENTITLEMENTS = comet/comet.entitlements;
				CODE_SIGN_STYLE = Automatic;
				COMBINE_HIDPI_IMAGES = YES;
				DEVELOPMENT_TEAM = L3KVSF9U8Y;
				ENABLE_HARDENED_RUNTIME = YES;
				FRAMEWORK_SEARCH_PATHS = (
					"$(inherited)",
					"$(PROJECT_DIR)/Carthage/Build/Mac",
				);
				INFOPLIST_FILE = comet/Info.plist;
				LD_RUNPATH_SEARCH_PATHS = (
					"$(inherited)",
					"@executable_path/../Frameworks",
				);
				MACOSX_DEPLOYMENT_TARGET = 10.14;
				MARKETING_VERSION = 1.0.3;
				PRODUCT_BUNDLE_IDENTIFIER = com.koalab.comet;
				PRODUCT_NAME = "$(TARGET_NAME)";
				SWIFT_VERSION = 5.0;
			};
			name = Release;
		};
/* End XCBuildConfiguration section */

/* Begin XCConfigurationList section */
		FBAF4B652471842800614EDB /* Build configuration list for PBXProject "comet" */ = {
			isa = XCConfigurationList;
			buildConfigurations = (
				FBAF4B782471842B00614EDB /* Debug */,
				FBAF4B792471842B00614EDB /* Release */,
			);
			defaultConfigurationIsVisible = 0;
			defaultConfigurationName = Release;
		};
		FBAF4B7A2471842B00614EDB /* Build configuration list for PBXNativeTarget "comet" */ = {
			isa = XCConfigurationList;
			buildConfigurations = (
				FBAF4B7B2471842B00614EDB /* Debug */,
				FBAF4B7C2471842B00614EDB /* Release */,
			);
			defaultConfigurationIsVisible = 0;
			defaultConfigurationName = Release;
		};
/* End XCConfigurationList section */
	};
	rootObject = FBAF4B622471842800614EDB /* Project object */;
}
